
Microsoft Visual Studio Solution File, Format Version 12.00
# Visual Studio Version 16
VisualStudioVersion = 16.0.32126.315
MinimumVisualStudioVersion = 10.0.40219.1
Project("{FAE04EC0-301F-11D3-BF4B-00C04F79EFBC}") = "AutoSetPassword", "AutoSetPassword\AutoSetPassword.csproj", "{494A1FDB-FD3F-40D4-A2BA-9496593FB15E}"
EndProject
Global
	GlobalSection(SolutionConfigurationPlatforms) = preSolution
		Debug|Any CPU = Debug|Any CPU
		Release|Any CPU = Release|Any CPU
	EndGlobalSection
	GlobalSection(ProjectConfigurationPlatforms) = postSolution
		{494A1FDB-FD3F-40D4-A2BA-9496593FB15E}.Debug|Any CPU.ActiveCfg = Debug|Any CPU
		{494A1FDB-FD3F-40D4-A2BA-9496593FB15E}.Debug|Any CPU.Build.0 = Debug|Any CPU
		{494A1FDB-FD3F-40D4-A2BA-9496593FB15E}.Release|Any CPU.ActiveCfg = Release|Any CPU
		{494A1FDB-FD3F-40D4-A2BA-9496593FB15E}.Release|Any CPU.Build.0 = Release|Any CPU
	EndGlobalSection
	GlobalSection(SolutionProperties) = preSolution
		HideSolutionNode = FALSE
	EndGlobalSection
	GlobalSection(ExtensibilityGlobals) = postSolution
		SolutionGuid = {5EEB964E-6652-4E50-A86B-2F6400E369CD}
	EndGlobalSection
EndGlobal
